
Microsoft Visual Studio Solution File, Format Version 12.00
# Visual Studio Version 16
VisualStudioVersion = 16.0.29926.136
MinimumVisualStudioVersion = 10.0.40219.1
Project("{FAE04EC0-301F-11D3-BF4B-00C04F79EFBC}") = "BethanysPieShopMobile", "BethanysPieShopMobile\BethanysPieShopMobile.csproj", "{7CCB80C5-4311-43E5-AB1E-A2D0EDA157C5}"
EndProject
Project("{FAE04EC0-301F-11D3-BF4B-00C04F79EFBC}") = "BethanysPieShopMobile.Core", "BethanysPieShopMobile.Core\BethanysPieShopMobile.Core.csproj", "{504C6B23-859C-4A7D-894C-AE4F37F2546F}"
EndProject
Global
	GlobalSection(SolutionConfigurationPlatforms) = preSolution
		Debug|Any CPU = Debug|Any CPU
		Release|Any CPU = Release|Any CPU
	EndGlobalSection
	GlobalSection(ProjectConfigurationPlatforms) = postSolution
		{7CCB80C5-4311-43E5-AB1E-A2D0EDA157C5}.Debug|Any CPU.ActiveCfg = Debug|Any CPU
		{7CCB80C5-4311-43E5-AB1E-A2D0EDA157C5}.Debug|Any CPU.Build.0 = Debug|Any CPU
		{7CCB80C5-4311-43E5-AB1E-A2D0EDA157C5}.Debug|Any CPU.Deploy.0 = Debug|Any CPU
		{7CCB80C5-4311-43E5-AB1E-A2D0EDA157C5}.Release|Any CPU.ActiveCfg = Release|Any CPU
		{7CCB80C5-4311-43E5-AB1E-A2D0EDA157C5}.Release|Any CPU.Build.0 = Release|Any CPU
		{7CCB80C5-4311-43E5-AB1E-A2D0EDA157C5}.Release|Any CPU.Deploy.0 = Release|Any CPU
		{504C6B23-859C-4A7D-894C-AE4F37F2546F}.Debug|Any CPU.ActiveCfg = Debug|Any CPU
		{504C6B23-859C-4A7D-894C-AE4F37F2546F}.Debug|Any CPU.Build.0 = Debug|Any CPU
		{504C6B23-859C-4A7D-894C-AE4F37F2546F}.Release|Any CPU.ActiveCfg = Release|Any CPU
		{504C6B23-859C-4A7D-894C-AE4F37F2546F}.Release|Any CPU.Build.0 = Release|Any CPU
	EndGlobalSection
	GlobalSection(SolutionProperties) = preSolution
		HideSolutionNode = FALSE
	EndGlobalSection
	GlobalSection(ExtensibilityGlobals) = postSolution
		SolutionGuid = {3BDB96BD-B3D6-4C99-BCD8-B62A370DE84B}
	EndGlobalSection
EndGlobal
